// !$*UTF8*$!
{
	archiveVersion = 1;
	classes = {
	};
	objectVersion = 55;
	objects = {

/* Begin PBXBuildFile section */
		51504E1CF21FAECF5028C36B /* Pods_Flix.framework in Frameworks */ = {isa = PBXBuildFile; fileRef = 6257496724805B6C4912CFAB /* Pods_Flix.framework */; };
		5F767F36EB1946CDE4FA2BA2 /* Pods_Flix_FlixUITests.framework in Frameworks */ = {isa = PBXBuildFile; fileRef = ECE6C231D08FFFC3C46B995D /* Pods_Flix_FlixUITests.framework */; };
		8F64219628C548D900716319 /* AppDelegate.swift in Sources */ = {isa = PBXBuildFile; fileRef = 8F64219528C548D900716319 /* AppDelegate.swift */; };
		8F64219828C548D900716319 /* SceneDelegate.swift in Sources */ = {isa = PBXBuildFile; fileRef = 8F64219728C548D900716319 /* SceneDelegate.swift */; };
		8F64219A28C548D900716319 /* ViewController.swift in Sources */ = {isa = PBXBuildFile; fileRef = 8F64219928C548D900716319 /* ViewController.swift */; };
		8F64219D28C548D900716319 /* Main.storyboard in Resources */ = {isa = PBXBuildFile; fileRef = 8F64219B28C548D900716319 /* Main.storyboard */; };
		8F64219F28C548DC00716319 /* Assets.xcassets in Resources */ = {isa = PBXBuildFile; fileRef = 8F64219E28C548DC00716319 /* Assets.xcassets */; };
		8F6421A228C548DC00716319 /* LaunchScreen.storyboard in Resources */ = {isa = PBXBuildFile; fileRef = 8F6421A028C548DC00716319 /* LaunchScreen.storyboard */; };
		8F6421AD28C548DC00716319 /* FlixTests.swift in Sources */ = {isa = PBXBuildFile; fileRef = 8F6421AC28C548DC00716319 /* FlixTests.swift */; };
		8F6421B728C548DC00716319 /* FlixUITests.swift in Sources */ = {isa = PBXBuildFile; fileRef = 8F6421B628C548DC00716319 /* FlixUITests.swift */; };
		8F6421B928C548DC00716319 /* FlixUITestsLaunchTests.swift in Sources */ = {isa = PBXBuildFile; fileRef = 8F6421B828C548DC00716319 /* FlixUITestsLaunchTests.swift */; };
		8F6421C628C5585700716319 /* MovieCell.swift in Sources */ = {isa = PBXBuildFile; fileRef = 8F6421C528C5585700716319 /* MovieCell.swift */; };
		8FC077A528C6BE190006F9B4 /* AlamofireImage in Frameworks */ = {isa = PBXBuildFile; productRef = 8FC077A428C6BE190006F9B4 /* AlamofireImage */; };
		8FDC6FC528CE3D2E00A6EF62 /* MoviesDetailViewController.swift in Sources */ = {isa = PBXBuildFile; fileRef = 8FDC6FC428CE3D2E00A6EF62 /* MoviesDetailViewController.swift */; };
		8FDC6FC728CE642C00A6EF62 /* MovieGridViewController.swift in Sources */ = {isa = PBXBuildFile; fileRef = 8FDC6FC628CE642C00A6EF62 /* MovieGridViewController.swift */; };
		8FDC6FC928CE6CC100A6EF62 /* MovieGridCell.swift in Sources */ = {isa = PBXBuildFile; fileRef = 8FDC6FC828CE6CC100A6EF62 /* MovieGridCell.swift */; };
		E78777DFF00DDC88F40F1635 /* Pods_FlixTests.framework in Frameworks */ = {isa = PBXBuildFile; fileRef = 4A24D12D78973AAE7ED547A4 /* Pods_FlixTests.framework */; };
/* End PBXBuildFile section */

/* Begin PBXContainerItemProxy section */
		8F6421A928C548DC00716319 /* PBXContainerItemProxy */ = {
			isa = PBXContainerItemProxy;
			containerPortal = 8F64218A28C548D900716319 /* Project object */;
			proxyType = 1;
			remoteGlobalIDString = 8F64219128C548D900716319;
			remoteInfo = Flix;
		};
		8F6421B328C548DC00716319 /* PBXContainerItemProxy */ = {
			isa = PBXContainerItemProxy;
			containerPortal = 8F64218A28C548D900716319 /* Project object */;
			proxyType = 1;
			remoteGlobalIDString = 8F64219128C548D900716319;
			remoteInfo = Flix;
		};
/* End PBXContainerItemProxy section */

/* Begin PBXFileReference section */
		202160B4854E18FDBB8C12B6 /* Pods-Flix.debug.xcconfig */ = {isa = PBXFileReference; includeInIndex = 1; lastKnownFileType = text.xcconfig; name = "Pods-Flix.debug.xcconfig"; path = "Target Support Files/Pods-Flix/Pods-Flix.debug.xcconfig"; sourceTree = "<group>"; };
		4A24D12D78973AAE7ED547A4 /* Pods_FlixTests.framework */ = {isa = PBXFileReference; explicitFileType = wrapper.framework; includeInIndex = 0; path = Pods_FlixTests.framework; sourceTree = BUILT_PRODUCTS_DIR; };
		4AED1EFDD8058FEE110C54A3 /* Pods-FlixTests.debug.xcconfig */ = {isa = PBXFileReference; includeInIndex = 1; lastKnownFileType = text.xcconfig; name = "Pods-FlixTests.debug.xcconfig"; path = "Target Support Files/Pods-FlixTests/Pods-FlixTests.debug.xcconfig"; sourceTree = "<group>"; };
		6257496724805B6C4912CFAB /* Pods_Flix.framework */ = {isa = PBXFileReference; explicitFileType = wrapper.framework; includeInIndex = 0; path = Pods_Flix.framework; sourceTree = BUILT_PRODUCTS_DIR; };
		8C8059ADD77B8F936F1AD889 /* Pods-FlixTests.release.xcconfig */ = {isa = PBXFileReference; includeInIndex = 1; lastKnownFileType = text.xcconfig; name = "Pods-FlixTests.release.xcconfig"; path = "Target Support Files/Pods-FlixTests/Pods-FlixTests.release.xcconfig"; sourceTree = "<group>"; };
		8F64219228C548D900716319 /* Flix.app */ = {isa = PBXFileReference; explicitFileType = wrapper.application; includeInIndex = 0; path = Flix.app; sourceTree = BUILT_PRODUCTS_DIR; };
		8F64219528C548D900716319 /* AppDelegate.swift */ = {isa = PBXFileReference; lastKnownFileType = sourcecode.swift; path = AppDelegate.swift; sourceTree = "<group>"; };
		8F64219728C548D900716319 /* SceneDelegate.swift */ = {isa = PBXFileReference; lastKnownFileType = sourcecode.swift; path = SceneDelegate.swift; sourceTree = "<group>"; };
		8F64219928C548D900716319 /* ViewController.swift */ = {isa = PBXFileReference; lastKnownFileType = sourcecode.swift; path = ViewController.swift; sourceTree = "<group>"; };
		8F64219C28C548D900716319 /* Base */ = {isa = PBXFileReference; lastKnownFileType = file.storyboard; name = Base; path = Base.lproj/Main.storyboard; sourceTree = "<group>"; };
		8F64219E28C548DC00716319 /* Assets.xcassets */ = {isa = PBXFileReference; lastKnownFileType = folder.assetcatalog; path = Assets.xcassets; sourceTree = "<group>"; };
		8F6421A128C548DC00716319 /* Base */ = {isa = PBXFileReference; lastKnownFileType = file.storyboard; name = Base; path = Base.lproj/LaunchScreen.storyboard; sourceTree = "<group>"; };
		8F6421A328C548DC00716319 /* Info.plist */ = {isa = PBXFileReference; lastKnownFileType = text.plist.xml; path = Info.plist; sourceTree = "<group>"; };
		8F6421A828C548DC00716319 /* FlixTests.xctest */ = {isa = PBXFileReference; explicitFileType = wrapper.cfbundle; includeInIndex = 0; path = FlixTests.xctest; sourceTree = BUILT_PRODUCTS_DIR; };
		8F6421AC28C548DC00716319 /* FlixTests.swift */ = {isa = PBXFileReference; lastKnownFileType = sourcecode.swift; path = FlixTests.swift; sourceTree = "<group>"; };
		8F6421B228C548DC00716319 /* FlixUITests.xctest */ = {isa = PBXFileReference; explicitFileType = wrapper.cfbundle; includeInIndex = 0; path = FlixUITests.xctest; sourceTree = BUILT_PRODUCTS_DIR; };
		8F6421B628C548DC00716319 /* FlixUITests.swift */ = {isa = PBXFileReference; lastKnownFileType = sourcecode.swift; path = FlixUITests.swift; sourceTree = "<group>"; };
		8F6421B828C548DC00716319 /* FlixUITestsLaunchTests.swift */ = {isa = PBXFileReference; lastKnownFileType = sourcecode.swift; path = FlixUITestsLaunchTests.swift; sourceTree = "<group>"; };
		8F6421C528C5585700716319 /* MovieCell.swift */ = {isa = PBXFileReference; lastKnownFileType = sourcecode.swift; path = MovieCell.swift; sourceTree = "<group>"; };
		8FDC6FC428CE3D2E00A6EF62 /* MoviesDetailViewController.swift */ = {isa = PBXFileReference; lastKnownFileType = sourcecode.swift; path = MoviesDetailViewController.swift; sourceTree = "<group>"; };
		8FDC6FC628CE642C00A6EF62 /* MovieGridViewController.swift */ = {isa = PBXFileReference; lastKnownFileType = sourcecode.swift; path = MovieGridViewController.swift; sourceTree = "<group>"; };
		8FDC6FC828CE6CC100A6EF62 /* MovieGridCell.swift */ = {isa = PBXFileReference; lastKnownFileType = sourcecode.swift; path = MovieGridCell.swift; sourceTree = "<group>"; };
		B0327DD7C53A3C4C90B2C5C2 /* Pods-Flix-FlixUITests.debug.xcconfig */ = {isa = PBXFileReference; includeInIndex = 1; lastKnownFileType = text.xcconfig; name = "Pods-Flix-FlixUITests.debug.xcconfig"; path = "Target Support Files/Pods-Flix-FlixUITests/Pods-Flix-FlixUITests.debug.xcconfig"; sourceTree = "<group>"; };
		CD72ECC62FE69160359F30A2 /* Pods-Flix.release.xcconfig */ = {isa = PBXFileReference; includeInIndex = 1; lastKnownFileType = text.xcconfig; name = "Pods-Flix.release.xcconfig"; path = "Target Support Files/Pods-Flix/Pods-Flix.release.xcconfig"; sourceTree = "<group>"; };
		ECE6C231D08FFFC3C46B995D /* Pods_Flix_FlixUITests.framework */ = {isa = PBXFileReference; explicitFileType = wrapper.framework; includeInIndex = 0; path = Pods_Flix_FlixUITests.framework; sourceTree = BUILT_PRODUCTS_DIR; };
		FBC43E01FE921F62E011F2A9 /* Pods-Flix-FlixUITests.release.xcconfig */ = {isa = PBXFileReference; includeInIndex = 1; lastKnownFileType = text.xcconfig; name = "Pods-Flix-FlixUITests.release.xcconfig"; path = "Target Support Files/Pods-Flix-FlixUITests/Pods-Flix-FlixUITests.release.xcconfig"; sourceTree = "<group>"; };
/* End PBXFileReference section */

/* Begin PBXFrameworksBuildPhase section */
		8F64218F28C548D900716319 /* Frameworks */ = {
			isa = PBXFrameworksBuildPhase;
			buildActionMask = 2147483647;
			files = (
				8FC077A528C6BE190006F9B4 /* AlamofireImage in Frameworks */,
				51504E1CF21FAECF5028C36B /* Pods_Flix.framework in Frameworks */,
			);
			runOnlyForDeploymentPostprocessing = 0;
		};
		8F6421A528C548DC00716319 /* Frameworks */ = {
			isa = PBXFrameworksBuildPhase;
			buildActionMask = 2147483647;
			files = (
				E78777DFF00DDC88F40F1635 /* Pods_FlixTests.framework in Frameworks */,
			);
			runOnlyForDeploymentPostprocessing = 0;
		};
		8F6421AF28C548DC00716319 /* Frameworks */ = {
			isa = PBXFrameworksBuildPhase;
			buildActionMask = 2147483647;
			files = (
				5F767F36EB1946CDE4FA2BA2 /* Pods_Flix_FlixUITests.framework in Frameworks */,
			);
			runOnlyForDeploymentPostprocessing = 0;
		};
/* End PBXFrameworksBuildPhase section */

/* Begin PBXGroup section */
		26F88F323845DFDC56A99067 /* Pods */ = {
			isa = PBXGroup;
			children = (
				202160B4854E18FDBB8C12B6 /* Pods-Flix.debug.xcconfig */,
				CD72ECC62FE69160359F30A2 /* Pods-Flix.release.xcconfig */,
				B0327DD7C53A3C4C90B2C5C2 /* Pods-Flix-FlixUITests.debug.xcconfig */,
				FBC43E01FE921F62E011F2A9 /* Pods-Flix-FlixUITests.release.xcconfig */,
				4AED1EFDD8058FEE110C54A3 /* Pods-FlixTests.debug.xcconfig */,
				8C8059ADD77B8F936F1AD889 /* Pods-FlixTests.release.xcconfig */,
			);
			path = Pods;
			sourceTree = "<group>";
		};
		8F64218928C548D900716319 = {
			isa = PBXGroup;
			children = (
				8F64219428C548D900716319 /* Flix */,
				8F6421AB28C548DC00716319 /* FlixTests */,
				8F6421B528C548DC00716319 /* FlixUITests */,
				8F64219328C548D900716319 /* Products */,
				26F88F323845DFDC56A99067 /* Pods */,
				C043E3F6BEFFAC78E133DC44 /* Frameworks */,
			);
			sourceTree = "<group>";
		};
		8F64219328C548D900716319 /* Products */ = {
			isa = PBXGroup;
			children = (
				8F64219228C548D900716319 /* Flix.app */,
				8F6421A828C548DC00716319 /* FlixTests.xctest */,
				8F6421B228C548DC00716319 /* FlixUITests.xctest */,
			);
			name = Products;
			sourceTree = "<group>";
		};
		8F64219428C548D900716319 /* Flix */ = {
			isa = PBXGroup;
			children = (
				8FDC6FC628CE642C00A6EF62 /* MovieGridViewController.swift */,
				8F64219528C548D900716319 /* AppDelegate.swift */,
				8F64219728C548D900716319 /* SceneDelegate.swift */,
				8F64219928C548D900716319 /* ViewController.swift */,
				8F64219B28C548D900716319 /* Main.storyboard */,
				8FDC6FC828CE6CC100A6EF62 /* MovieGridCell.swift */,
				8FDC6FC428CE3D2E00A6EF62 /* MoviesDetailViewController.swift */,
				8F6421C528C5585700716319 /* MovieCell.swift */,
				8F64219E28C548DC00716319 /* Assets.xcassets */,
				8F6421A028C548DC00716319 /* LaunchScreen.storyboard */,
				8F6421A328C548DC00716319 /* Info.plist */,
			);
			path = Flix;
			sourceTree = "<group>";
		};
		8F6421AB28C548DC00716319 /* FlixTests */ = {
			isa = PBXGroup;
			children = (
				8F6421AC28C548DC00716319 /* FlixTests.swift */,
			);
			path = FlixTests;
			sourceTree = "<group>";
		};
		8F6421B528C548DC00716319 /* FlixUITests */ = {
			isa = PBXGroup;
			children = (
				8F6421B628C548DC00716319 /* FlixUITests.swift */,
				8F6421B828C548DC00716319 /* FlixUITestsLaunchTests.swift */,
			);
			path = FlixUITests;
			sourceTree = "<group>";
		};
		C043E3F6BEFFAC78E133DC44 /* Frameworks */ = {
			isa = PBXGroup;
			children = (
				6257496724805B6C4912CFAB /* Pods_Flix.framework */,
				ECE6C231D08FFFC3C46B995D /* Pods_Flix_FlixUITests.framework */,
				4A24D12D78973AAE7ED547A4 /* Pods_FlixTests.framework */,
			);
			name = Frameworks;
			sourceTree = "<group>";
		};
/* End PBXGroup section */

/* Begin PBXNativeTarget section */
		8F64219128C548D900716319 /* Flix */ = {
			isa = PBXNativeTarget;
			buildConfigurationList = 8F6421BC28C548DC00716319 /* Build configuration list for PBXNativeTarget "Flix" */;
			buildPhases = (
				01AAC4334CE11184C1CC11D4 /* [CP] Check Pods Manifest.lock */,
				8F64218E28C548D900716319 /* Sources */,
				8F64218F28C548D900716319 /* Frameworks */,
				8F64219028C548D900716319 /* Resources */,
				F407EB257AEF01333E25850A /* [CP] Embed Pods Frameworks */,
			);
			buildRules = (
			);
			dependencies = (
			);
			name = Flix;
			packageProductDependencies = (
				8FC077A428C6BE190006F9B4 /* AlamofireImage */,
			);
			productName = Flix;
			productReference = 8F64219228C548D900716319 /* Flix.app */;
			productType = "com.apple.product-type.application";
		};
		8F6421A728C548DC00716319 /* FlixTests */ = {
			isa = PBXNativeTarget;
			buildConfigurationList = 8F6421BF28C548DC00716319 /* Build configuration list for PBXNativeTarget "FlixTests" */;
			buildPhases = (
				8F027FD71B17D9AF38CFB25B /* [CP] Check Pods Manifest.lock */,
				8F6421A428C548DC00716319 /* Sources */,
				8F6421A528C548DC00716319 /* Frameworks */,
				8F6421A628C548DC00716319 /* Resources */,
			);
			buildRules = (
			);
			dependencies = (
				8F6421AA28C548DC00716319 /* PBXTargetDependency */,
			);
			name = FlixTests;
			productName = FlixTests;
			productReference = 8F6421A828C548DC00716319 /* FlixTests.xctest */;
			productType = "com.apple.product-type.bundle.unit-test";
		};
		8F6421B128C548DC00716319 /* FlixUITests */ = {
			isa = PBXNativeTarget;
			buildConfigurationList = 8F6421C228C548DC00716319 /* Build configuration list for PBXNativeTarget "FlixUITests" */;
			buildPhases = (
				4A07D0248515DBD16B188CFD /* [CP] Check Pods Manifest.lock */,
				8F6421AE28C548DC00716319 /* Sources */,
				8F6421AF28C548DC00716319 /* Frameworks */,
				8F6421B028C548DC00716319 /* Resources */,
				741BAFE3D02EBFFFE04A7B4B /* [CP] Embed Pods Frameworks */,
			);
			buildRules = (
			);
			dependencies = (
				8F6421B428C548DC00716319 /* PBXTargetDependency */,
			);
			name = FlixUITests;
			productName = FlixUITests;
			productReference = 8F6421B228C548DC00716319 /* FlixUITests.xctest */;
			productType = "com.apple.product-type.bundle.ui-testing";
		};
/* End PBXNativeTarget section */

/* Begin PBXProject section */
		8F64218A28C548D900716319 /* Project object */ = {
			isa = PBXProject;
			attributes = {
				BuildIndependentTargetsInParallel = 1;
				LastSwiftUpdateCheck = 1340;
				LastUpgradeCheck = 1340;
				TargetAttributes = {
					8F64219128C548D900716319 = {
						CreatedOnToolsVersion = 13.4.1;
					};
					8F6421A728C548DC00716319 = {
						CreatedOnToolsVersion = 13.4.1;
						TestTargetID = 8F64219128C548D900716319;
					};
					8F6421B128C548DC00716319 = {
						CreatedOnToolsVersion = 13.4.1;
						TestTargetID = 8F64219128C548D900716319;
					};
				};
			};
			buildConfigurationList = 8F64218D28C548D900716319 /* Build configuration list for PBXProject "Flix" */;
			compatibilityVersion = "Xcode 13.0";
			developmentRegion = en;
			hasScannedForEncodings = 0;
			knownRegions = (
				en,
				Base,
			);
			mainGroup = 8F64218928C548D900716319;
			packageReferences = (
				8FC077A328C6BE190006F9B4 /* XCRemoteSwiftPackageReference "AlamofireImage" */,
			);
			productRefGroup = 8F64219328C548D900716319 /* Products */;
			projectDirPath = "";
			projectRoot = "";
			targets = (
				8F64219128C548D900716319 /* Flix */,
				8F6421A728C548DC00716319 /* FlixTests */,
				8F6421B128C548DC00716319 /* FlixUITests */,
			);
		};
/* End PBXProject section */

/* Begin PBXResourcesBuildPhase section */
		8F64219028C548D900716319 /* Resources */ = {
			isa = PBXResourcesBuildPhase;
			buildActionMask = 2147483647;
			files = (
				8F6421A228C548DC00716319 /* LaunchScreen.storyboard in Resources */,
				8F64219F28C548DC00716319 /* Assets.xcassets in Resources */,
				8F64219D28C548D900716319 /* Main.storyboard in Resources */,
			);
			runOnlyForDeploymentPostprocessing = 0;
		};
		8F6421A628C548DC00716319 /* Resources */ = {
			isa = PBXResourcesBuildPhase;
			buildActionMask = 2147483647;
			files = (
			);
			runOnlyForDeploymentPostprocessing = 0;
		};
		8F6421B028C548DC00716319 /* Resources */ = {
			isa = PBXResourcesBuildPhase;
			buildActionMask = 2147483647;
			files = (
			);
			runOnlyForDeploymentPostprocessing = 0;
		};
/* End PBXResourcesBuildPhase section */

/* Begin PBXShellScriptBuildPhase section */
		01AAC4334CE11184C1CC11D4 /* [CP] Check Pods Manifest.lock */ = {
			isa = PBXShellScriptBuildPhase;
			buildActionMask = 2147483647;
			files = (
			);
			inputFileListPaths = (
			);
			inputPaths = (
				"${PODS_PODFILE_DIR_PATH}/Podfile.lock",
				"${PODS_ROOT}/Manifest.lock",
			);
			name = "[CP] Check Pods Manifest.lock";
			outputFileListPaths = (
			);
			outputPaths = (
				"$(DERIVED_FILE_DIR)/Pods-Flix-checkManifestLockResult.txt",
			);
			runOnlyForDeploymentPostprocessing = 0;
			shellPath = /bin/sh;
			shellScript = "diff \"${PODS_PODFILE_DIR_PATH}/Podfile.lock\" \"${PODS_ROOT}/Manifest.lock\" > /dev/null\nif [ $? != 0 ] ; then\n    # print error to STDERR\n    echo \"error: The sandbox is not in sync with the Podfile.lock. Run 'pod install' or update your CocoaPods installation.\" >&2\n    exit 1\nfi\n# This output is used by Xcode 'outputs' to avoid re-running this script phase.\necho \"SUCCESS\" > \"${SCRIPT_OUTPUT_FILE_0}\"\n";
			showEnvVarsInLog = 0;
		};
		4A07D0248515DBD16B188CFD /* [CP] Check Pods Manifest.lock */ = {
			isa = PBXShellScriptBuildPhase;
			buildActionMask = 2147483647;
			files = (
			);
			inputFileListPaths = (
			);
			inputPaths = (
				"${PODS_PODFILE_DIR_PATH}/Podfile.lock",
				"${PODS_ROOT}/Manifest.lock",
			);
			name = "[CP] Check Pods Manifest.lock";
			outputFileListPaths = (
			);
			outputPaths = (
				"$(DERIVED_FILE_DIR)/Pods-Flix-FlixUITests-checkManifestLockResult.txt",
			);
			runOnlyForDeploymentPostprocessing = 0;
			shellPath = /bin/sh;
			shellScript = "diff \"${PODS_PODFILE_DIR_PATH}/Podfile.lock\" \"${PODS_ROOT}/Manifest.lock\" > /dev/null\nif [ $? != 0 ] ; then\n    # print error to STDERR\n    echo \"error: The sandbox is not in sync with the Podfile.lock. Run 'pod install' or update your CocoaPods installation.\" >&2\n    exit 1\nfi\n# This output is used by Xcode 'outputs' to avoid re-running this script phase.\necho \"SUCCESS\" > \"${SCRIPT_OUTPUT_FILE_0}\"\n";
			showEnvVarsInLog = 0;
		};
		741BAFE3D02EBFFFE04A7B4B /* [CP] Embed Pods Frameworks */ = {
			isa = PBXShellScriptBuildPhase;
			buildActionMask = 2147483647;
			files = (
			);
			inputFileListPaths = (
				"${PODS_ROOT}/Target Support Files/Pods-Flix-FlixUITests/Pods-Flix-FlixUITests-frameworks-${CONFIGURATION}-input-files.xcfilelist",
			);
			name = "[CP] Embed Pods Frameworks";
			outputFileListPaths = (
				"${PODS_ROOT}/Target Support Files/Pods-Flix-FlixUITests/Pods-Flix-FlixUITests-frameworks-${CONFIGURATION}-output-files.xcfilelist",
			);
			runOnlyForDeploymentPostprocessing = 0;
			shellPath = /bin/sh;
			shellScript = "\"${PODS_ROOT}/Target Support Files/Pods-Flix-FlixUITests/Pods-Flix-FlixUITests-frameworks.sh\"\n";
			showEnvVarsInLog = 0;
		};
		8F027FD71B17D9AF38CFB25B /* [CP] Check Pods Manifest.lock */ = {
			isa = PBXShellScriptBuildPhase;
			buildActionMask = 2147483647;
			files = (
			);
			inputFileListPaths = (
			);
			inputPaths = (
				"${PODS_PODFILE_DIR_PATH}/Podfile.lock",
				"${PODS_ROOT}/Manifest.lock",
			);
			name = "[CP] Check Pods Manifest.lock";
			outputFileListPaths = (
			);
			outputPaths = (
				"$(DERIVED_FILE_DIR)/Pods-FlixTests-checkManifestLockResult.txt",
			);
			runOnlyForDeploymentPostprocessing = 0;
			shellPath = /bin/sh;
			shellScript = "diff \"${PODS_PODFILE_DIR_PATH}/Podfile.lock\" \"${PODS_ROOT}/Manifest.lock\" > /dev/null\nif [ $? != 0 ] ; then\n    # print error to STDERR\n    echo \"error: The sandbox is not in sync with the Podfile.lock. Run 'pod install' or update your CocoaPods installation.\" >&2\n    exit 1\nfi\n# This output is used by Xcode 'outputs' to avoid re-running this script phase.\necho \"SUCCESS\" > \"${SCRIPT_OUTPUT_FILE_0}\"\n";
			showEnvVarsInLog = 0;
		};
		F407EB257AEF01333E25850A /* [CP] Embed Pods Frameworks */ = {
			isa = PBXShellScriptBuildPhase;
			buildActionMask = 2147483647;
			files = (
			);
			inputFileListPaths = (
				"${PODS_ROOT}/Target Support Files/Pods-Flix/Pods-Flix-frameworks-${CONFIGURATION}-input-files.xcfilelist",
			);
			name = "[CP] Embed Pods Frameworks";
			outputFileListPaths = (
				"${PODS_ROOT}/Target Support Files/Pods-Flix/Pods-Flix-frameworks-${CONFIGURATION}-output-files.xcfilelist",
			);
			runOnlyForDeploymentPostprocessing = 0;
			shellPath = /bin/sh;
			shellScript = "\"${PODS_ROOT}/Target Support Files/Pods-Flix/Pods-Flix-frameworks.sh\"\n";
			showEnvVarsInLog = 0;
		};
/* End PBXShellScriptBuildPhase section */

/* Begin PBXSourcesBuildPhase section */
		8F64218E28C548D900716319 /* Sources */ = {
			isa = PBXSourcesBuildPhase;
			buildActionMask = 2147483647;
			files = (
				8F64219A28C548D900716319 /* ViewController.swift in Sources */,
				8FDC6FC528CE3D2E00A6EF62 /* MoviesDetailViewController.swift in Sources */,
				8F64219628C548D900716319 /* AppDelegate.swift in Sources */,
				8F6421C628C5585700716319 /* MovieCell.swift in Sources */,
				8F64219828C548D900716319 /* SceneDelegate.swift in Sources */,
				8FDC6FC728CE642C00A6EF62 /* MovieGridViewController.swift in Sources */,
				8FDC6FC928CE6CC100A6EF62 /* MovieGridCell.swift in Sources */,
			);
			runOnlyForDeploymentPostprocessing = 0;
		};
		8F6421A428C548DC00716319 /* Sources */ = {
			isa = PBXSourcesBuildPhase;
			buildActionMask = 2147483647;
			files = (
				8F6421AD28C548DC00716319 /* FlixTests.swift in Sources */,
			);
			runOnlyForDeploymentPostprocessing = 0;
		};
		8F6421AE28C548DC00716319 /* Sources */ = {
			isa = PBXSourcesBuildPhase;
			buildActionMask = 2147483647;
			files = (
				8F6421B728C548DC00716319 /* FlixUITests.swift in Sources */,
				8F6421B928C548DC00716319 /* FlixUITestsLaunchTests.swift in Sources */,
			);
			runOnlyForDeploymentPostprocessing = 0;
		};
/* End PBXSourcesBuildPhase section */

/* Begin PBXTargetDependency section */
		8F6421AA28C548DC00716319 /* PBXTargetDependency */ = {
			isa = PBXTargetDependency;
			target = 8F64219128C548D900716319 /* Flix */;
			targetProxy = 8F6421A928C548DC00716319 /* PBXContainerItemProxy */;
		};
		8F6421B428C548DC00716319 /* PBXTargetDependency */ = {
			isa = PBXTargetDependency;
			target = 8F64219128C548D900716319 /* Flix */;
			targetProxy = 8F6421B328C548DC00716319 /* PBXContainerItemProxy */;
		};
/* End PBXTargetDependency section */

/* Begin PBXVariantGroup section */
		8F64219B28C548D900716319 /* Main.storyboard */ = {
			isa = PBXVariantGroup;
			children = (
				8F64219C28C548D900716319 /* Base */,
			);
			name = Main.storyboard;
			sourceTree = "<group>";
		};
		8F6421A028C548DC00716319 /* LaunchScreen.storyboard */ = {
			isa = PBXVariantGroup;
			children = (
				8F6421A128C548DC00716319 /* Base */,
			);
			name = LaunchScreen.storyboard;
			sourceTree = "<group>";
		};
/* End PBXVariantGroup section */

/* Begin XCBuildConfiguration section */
		8F6421BA28C548DC00716319 /* Debug */ = {
			isa = XCBuildConfiguration;
			buildSettings = {
				ALWAYS_SEARCH_USER_PATHS = NO;
				CLANG_ANALYZER_NONNULL = YES;
				CLANG_ANALYZER_NUMBER_OBJECT_CONVERSION = YES_AGGRESSIVE;
				CLANG_CXX_LANGUAGE_STANDARD = "gnu++17";
				CLANG_ENABLE_MODULES = YES;
				CLANG_ENABLE_OBJC_ARC = YES;
				CLANG_ENABLE_OBJC_WEAK = YES;
				CLANG_WARN_BLOCK_CAPTURE_AUTORELEASING = YES;
				CLANG_WARN_BOOL_CONVERSION = YES;
				CLANG_WARN_COMMA = YES;
				CLANG_WARN_CONSTANT_CONVERSION = YES;
				CLANG_WARN_DEPRECATED_OBJC_IMPLEMENTATIONS = YES;
				CLANG_WARN_DIRECT_OBJC_ISA_USAGE = YES_ERROR;
				CLANG_WARN_DOCUMENTATION_COMMENTS = YES;
				CLANG_WARN_EMPTY_BODY = YES;
				CLANG_WARN_ENUM_CONVERSION = YES;
				CLANG_WARN_INFINITE_RECURSION = YES;
				CLANG_WARN_INT_CONVERSION = YES;
				CLANG_WARN_NON_LITERAL_NULL_CONVERSION = YES;
				CLANG_WARN_OBJC_IMPLICIT_RETAIN_SELF = YES;
				CLANG_WARN_OBJC_LITERAL_CONVERSION = YES;
				CLANG_WARN_OBJC_ROOT_CLASS = YES_ERROR;
				CLANG_WARN_QUOTED_INCLUDE_IN_FRAMEWORK_HEADER = YES;
				CLANG_WARN_RANGE_LOOP_ANALYSIS = YES;
				CLANG_WARN_STRICT_PROTOTYPES = YES;
				CLANG_WARN_SUSPICIOUS_MOVE = YES;
				CLANG_WARN_UNGUARDED_AVAILABILITY = YES_AGGRESSIVE;
				CLANG_WARN_UNREACHABLE_CODE = YES;
				CLANG_WARN__DUPLICATE_METHOD_MATCH = YES;
				COPY_PHASE_STRIP = NO;
				DEBUG_INFORMATION_FORMAT = dwarf;
				ENABLE_STRICT_OBJC_MSGSEND = YES;
				ENABLE_TESTABILITY = YES;
				GCC_C_LANGUAGE_STANDARD = gnu11;
				GCC_DYNAMIC_NO_PIC = NO;
				GCC_NO_COMMON_BLOCKS = YES;
				GCC_OPTIMIZATION_LEVEL = 0;
				GCC_PREPROCESSOR_DEFINITIONS = (
					"DEBUG=1",
					"$(inherited)",
				);
				GCC_WARN_64_TO_32_BIT_CONVERSION = YES;
				GCC_WARN_ABOUT_RETURN_TYPE = YES_ERROR;
				GCC_WARN_UNDECLARED_SELECTOR = YES;
				GCC_WARN_UNINITIALIZED_AUTOS = YES_AGGRESSIVE;
				GCC_WARN_UNUSED_FUNCTION = YES;
				GCC_WARN_UNUSED_VARIABLE = YES;
				IPHONEOS_DEPLOYMENT_TARGET = 15.5;
				MTL_ENABLE_DEBUG_INFO = INCLUDE_SOURCE;
				MTL_FAST_MATH = YES;
				ONLY_ACTIVE_ARCH = YES;
				SDKROOT = iphoneos;
				SWIFT_ACTIVE_COMPILATION_CONDITIONS = DEBUG;
				SWIFT_OPTIMIZATION_LEVEL = "-Onone";
			};
			name = Debug;
		};
		8F6421BB28C548DC00716319 /* Release */ = {
			isa = XCBuildConfiguration;
			buildSettings = {
				ALWAYS_SEARCH_USER_PATHS = NO;
				CLANG_ANALYZER_NONNULL = YES;
				CLANG_ANALYZER_NUMBER_OBJECT_CONVERSION = YES_AGGRESSIVE;
				CLANG_CXX_LANGUAGE_STANDARD = "gnu++17";
				CLANG_ENABLE_MODULES = YES;
				CLANG_ENABLE_OBJC_ARC = YES;
				CLANG_ENABLE_OBJC_WEAK = YES;
				CLANG_WARN_BLOCK_CAPTURE_AUTORELEASING = YES;
				CLANG_WARN_BOOL_CONVERSION = YES;
				CLANG_WARN_COMMA = YES;
				CLANG_WARN_CONSTANT_CONVERSION = YES;
				CLANG_WARN_DEPRECATED_OBJC_IMPLEMENTATIONS = YES;
				CLANG_WARN_DIRECT_OBJC_ISA_USAGE = YES_ERROR;
				CLANG_WARN_DOCUMENTATION_COMMENTS = YES;
				CLANG_WARN_EMPTY_BODY = YES;
				CLANG_WARN_ENUM_CONVERSION = YES;
				CLANG_WARN_INFINITE_RECURSION = YES;
				CLANG_WARN_INT_CONVERSION = YES;
				CLANG_WARN_NON_LITERAL_NULL_CONVERSION = YES;
				CLANG_WARN_OBJC_IMPLICIT_RETAIN_SELF = YES;
				CLANG_WARN_OBJC_LITERAL_CONVERSION = YES;
				CLANG_WARN_OBJC_ROOT_CLASS = YES_ERROR;
				CLANG_WARN_QUOTED_INCLUDE_IN_FRAMEWORK_HEADER = YES;
				CLANG_WARN_RANGE_LOOP_ANALYSIS = YES;
				CLANG_WARN_STRICT_PROTOTYPES = YES;
				CLANG_WARN_SUSPICIOUS_MOVE = YES;
				CLANG_WARN_UNGUARDED_AVAILABILITY = YES_AGGRESSIVE;
				CLANG_WARN_UNREACHABLE_CODE = YES;
				CLANG_WARN__DUPLICATE_METHOD_MATCH = YES;
				COPY_PHASE_STRIP = NO;
				DEBUG_INFORMATION_FORMAT = "dwarf-with-dsym";
				ENABLE_NS_ASSERTIONS = NO;
				ENABLE_STRICT_OBJC_MSGSEND = YES;
				GCC_C_LANGUAGE_STANDARD = gnu11;
				GCC_NO_COMMON_BLOCKS = YES;
				GCC_WARN_64_TO_32_BIT_CONVERSION = YES;
				GCC_WARN_ABOUT_RETURN_TYPE = YES_ERROR;
				GCC_WARN_UNDECLARED_SELECTOR = YES;
				GCC_WARN_UNINITIALIZED_AUTOS = YES_AGGRESSIVE;
				GCC_WARN_UNUSED_FUNCTION = YES;
				GCC_WARN_UNUSED_VARIABLE = YES;
				IPHONEOS_DEPLOYMENT_TARGET = 15.5;
				MTL_ENABLE_DEBUG_INFO = NO;
				MTL_FAST_MATH = YES;
				SDKROOT = iphoneos;
				SWIFT_COMPILATION_MODE = wholemodule;
				SWIFT_OPTIMIZATION_LEVEL = "-O";
				VALIDATE_PRODUCT = YES;
			};
			name = Release;
		};
		8F6421BD28C548DC00716319 /* Debug */ = {
			isa = XCBuildConfiguration;
			baseConfigurationReference = 202160B4854E18FDBB8C12B6 /* Pods-Flix.debug.xcconfig */;
			buildSettings = {
				ASSETCATALOG_COMPILER_APPICON_NAME = AppIcon;
				ASSETCATALOG_COMPILER_GLOBAL_ACCENT_COLOR_NAME = AccentColor;
				CODE_SIGN_STYLE = Automatic;
				CURRENT_PROJECT_VERSION = 1;
				GENERATE_INFOPLIST_FILE = YES;
				INFOPLIST_FILE = Flix/Info.plist;
				INFOPLIST_KEY_UIApplicationSupportsIndirectInputEvents = YES;
				INFOPLIST_KEY_UILaunchStoryboardName = LaunchScreen;
				INFOPLIST_KEY_UIMainStoryboardFile = Main;
				INFOPLIST_KEY_UISupportedInterfaceOrientations_iPad = "UIInterfaceOrientationPortrait UIInterfaceOrientationPortraitUpsideDown UIInterfaceOrientationLandscapeLeft UIInterfaceOrientationLandscapeRight";
				INFOPLIST_KEY_UISupportedInterfaceOrientations_iPhone = "UIInterfaceOrientationPortrait UIInterfaceOrientationLandscapeLeft UIInterfaceOrientationLandscapeRight";
				LD_RUNPATH_SEARCH_PATHS = (
					"$(inherited)",
					"@executable_path/Frameworks",
				);
				MARKETING_VERSION = 1.0;
				PRODUCT_BUNDLE_IDENTIFIER = "Angelo-Alies.Flix";
				PRODUCT_NAME = "$(TARGET_NAME)";
				SWIFT_EMIT_LOC_STRINGS = YES;
				SWIFT_VERSION = 5.0;
				TARGETED_DEVICE_FAMILY = "1,2";
			};
			name = Debug;
		};
		8F6421BE28C548DC00716319 /* Release */ = {
			isa = XCBuildConfiguration;
			baseConfigurationReference = CD72ECC62FE69160359F30A2 /* Pods-Flix.release.xcconfig */;
			buildSettings = {
				ASSETCATALOG_COMPILER_APPICON_NAME = AppIcon;
				ASSETCATALOG_COMPILER_GLOBAL_ACCENT_COLOR_NAME = AccentColor;
				CODE_SIGN_STYLE = Automatic;
				CURRENT_PROJECT_VERSION = 1;
				GENERATE_INFOPLIST_FILE = YES;
				INFOPLIST_FILE = Flix/Info.plist;
				INFOPLIST_KEY_UIApplicationSupportsIndirectInputEvents = YES;
				INFOPLIST_KEY_UILaunchStoryboardName = LaunchScreen;
				INFOPLIST_KEY_UIMainStoryboardFile = Main;
				INFOPLIST_KEY_UISupportedInterfaceOrientations_iPad = "UIInterfaceOrientationPortrait UIInterfaceOrientationPortraitUpsideDown UIInterfaceOrientationLandscapeLeft UIInterfaceOrientationLandscapeRight";
				INFOPLIST_KEY_UISupportedInterfaceOrientations_iPhone = "UIInterfaceOrientationPortrait UIInterfaceOrientationLandscapeLeft UIInterfaceOrientationLandscapeRight";
				LD_RUNPATH_SEARCH_PATHS = (
					"$(inherited)",
					"@executable_path/Frameworks",
				);
				MARKETING_VERSION = 1.0;
				PRODUCT_BUNDLE_IDENTIFIER = "Angelo-Alies.Flix";
				PRODUCT_NAME = "$(TARGET_NAME)";
				SWIFT_EMIT_LOC_STRINGS = YES;
				SWIFT_VERSION = 5.0;
				TARGETED_DEVICE_FAMILY = "1,2";
			};
			name = Release;
		};
		8F6421C028C548DC00716319 /* Debug */ = {
			isa = XCBuildConfiguration;
			baseConfigurationReference = 4AED1EFDD8058FEE110C54A3 /* Pods-FlixTests.debug.xcconfig */;
			buildSettings = {
				ALWAYS_EMBED_SWIFT_STANDARD_LIBRARIES = YES;
				BUNDLE_LOADER = "$(TEST_HOST)";
				CODE_SIGN_STYLE = Automatic;
				CURRENT_PROJECT_VERSION = 1;
				GENERATE_INFOPLIST_FILE = YES;
				IPHONEOS_DEPLOYMENT_TARGET = 15.5;
				MARKETING_VERSION = 1.0;
				PRODUCT_BUNDLE_IDENTIFIER = "Angelo-Alies.FlixTests";
				PRODUCT_NAME = "$(TARGET_NAME)";
				SWIFT_EMIT_LOC_STRINGS = NO;
				SWIFT_VERSION = 5.0;
				TARGETED_DEVICE_FAMILY = "1,2";
				TEST_HOST = "$(BUILT_PRODUCTS_DIR)/Flix.app/Flix";
			};
			name = Debug;
		};
		8F6421C128C548DC00716319 /* Release */ = {
			isa = XCBuildConfiguration;
			baseConfigurationReference = 8C8059ADD77B8F936F1AD889 /* Pods-FlixTests.release.xcconfig */;
			buildSettings = {
				ALWAYS_EMBED_SWIFT_STANDARD_LIBRARIES = YES;
				BUNDLE_LOADER = "$(TEST_HOST)";
				CODE_SIGN_STYLE = Automatic;
				CURRENT_PROJECT_VERSION = 1;
				GENERATE_INFOPLIST_FILE = YES;
				IPHONEOS_DEPLOYMENT_TARGET = 15.5;
				MARKETING_VERSION = 1.0;
				PRODUCT_BUNDLE_IDENTIFIER = "Angelo-Alies.FlixTests";
				PRODUCT_NAME = "$(TARGET_NAME)";
				SWIFT_EMIT_LOC_STRINGS = NO;
				SWIFT_VERSION = 5.0;
				TARGETED_DEVICE_FAMILY = "1,2";
				TEST_HOST = "$(BUILT_PRODUCTS_DIR)/Flix.app/Flix";
			};
			name = Release;
		};
		8F6421C328C548DC00716319 /* Debug */ = {
			isa = XCBuildConfiguration;
			baseConfigurationReference = B0327DD7C53A3C4C90B2C5C2 /* Pods-Flix-FlixUITests.debug.xcconfig */;
			buildSettings = {
				ALWAYS_EMBED_SWIFT_STANDARD_LIBRARIES = YES;
				CODE_SIGN_STYLE = Automatic;
				CURRENT_PROJECT_VERSION = 1;
				GENERATE_INFOPLIST_FILE = YES;
				MARKETING_VERSION = 1.0;
				PRODUCT_BUNDLE_IDENTIFIER = "Angelo-Alies.FlixUITests";
				PRODUCT_NAME = "$(TARGET_NAME)";
				SWIFT_EMIT_LOC_STRINGS = NO;
				SWIFT_VERSION = 5.0;
				TARGETED_DEVICE_FAMILY = "1,2";
				TEST_TARGET_NAME = Flix;
			};
			name = Debug;
		};
		8F6421C428C548DC00716319 /* Release */ = {
			isa = XCBuildConfiguration;
			baseConfigurationReference = FBC43E01FE921F62E011F2A9 /* Pods-Flix-FlixUITests.release.xcconfig */;
			buildSettings = {
				ALWAYS_EMBED_SWIFT_STANDARD_LIBRARIES = YES;
				CODE_SIGN_STYLE = Automatic;
				CURRENT_PROJECT_VERSION = 1;
				GENERATE_INFOPLIST_FILE = YES;
				MARKETING_VERSION = 1.0;
				PRODUCT_BUNDLE_IDENTIFIER = "Angelo-Alies.FlixUITests";
				PRODUCT_NAME = "$(TARGET_NAME)";
				SWIFT_EMIT_LOC_STRINGS = NO;
				SWIFT_VERSION = 5.0;
				TARGETED_DEVICE_FAMILY = "1,2";
				TEST_TARGET_NAME = Flix;
			};
			name = Release;
		};
/* End XCBuildConfiguration section */

/* Begin XCConfigurationList section */
		8F64218D28C548D900716319 /* Build configuration list for PBXProject "Flix" */ = {
			isa = XCConfigurationList;
			buildConfigurations = (
				8F6421BA28C548DC00716319 /* Debug */,
				8F6421BB28C548DC00716319 /* Release */,
			);
			defaultConfigurationIsVisible = 0;
			defaultConfigurationName = Release;
		};
		8F6421BC28C548DC00716319 /* Build configuration list for PBXNativeTarget "Flix" */ = {
			isa = XCConfigurationList;
			buildConfigurations = (
				8F6421BD28C548DC00716319 /* Debug */,
				8F6421BE28C548DC00716319 /* Release */,
			);
			defaultConfigurationIsVisible = 0;
			defaultConfigurationName = Release;
		};
		8F6421BF28C548DC00716319 /* Build configuration list for PBXNativeTarget "FlixTests" */ = {
			isa = XCConfigurationList;
			buildConfigurations = (
				8F6421C028C548DC00716319 /* Debug */,
				8F6421C128C548DC00716319 /* Release */,
			);
			defaultConfigurationIsVisible = 0;
			defaultConfigurationName = Release;
		};
		8F6421C228C548DC00716319 /* Build configuration list for PBXNativeTarget "FlixUITests" */ = {
			isa = XCConfigurationList;
			buildConfigurations = (
				8F6421C328C548DC00716319 /* Debug */,
				8F6421C428C548DC00716319 /* Release */,
			);
			defaultConfigurationIsVisible = 0;
			defaultConfigurationName = Release;
		};
/* End XCConfigurationList section */

/* Begin XCRemoteSwiftPackageReference section */
		8FC077A328C6BE190006F9B4 /* XCRemoteSwiftPackageReference "AlamofireImage" */ = {
			isa = XCRemoteSwiftPackageReference;
			repositoryURL = "https://github.com/Alamofire/AlamofireImage.git";
			requirement = {
				kind = upToNextMajorVersion;
				minimumVersion = 4.0.0;
			};
		};
/* End XCRemoteSwiftPackageReference section */

/* Begin XCSwiftPackageProductDependency section */
		8FC077A428C6BE190006F9B4 /* AlamofireImage */ = {
			isa = XCSwiftPackageProductDependency;
			package = 8FC077A328C6BE190006F9B4 /* XCRemoteSwiftPackageReference "AlamofireImage" */;
			productName = AlamofireImage;
		};
/* End XCSwiftPackageProductDependency section */
	};
	rootObject = 8F64218A28C548D900716319 /* Project object */;
}
